// !$*UTF8*$!
{
	archiveVersion = 1;
	classes = {
	};
	objectVersion = 50;
	objects = {

/* Begin PBXBuildFile section */
		841E955E27BAE5CB003A1B36 /* SphereAreaGenerator.swift in Sources */ = {isa = PBXBuildFile; fileRef = 841E955D27BAE5CB003A1B36 /* SphereAreaGenerator.swift */; };
		841E956027BAF7D7003A1B36 /* InteratomDistanceCalculator.swift in Sources */ = {isa = PBXBuildFile; fileRef = 841E955F27BAF7D7003A1B36 /* InteratomDistanceCalculator.swift */; };
		841E956227BC6E29003A1B36 /* AtomsConverter.swift in Sources */ = {isa = PBXBuildFile; fileRef = 841E956127BC6E29003A1B36 /* AtomsConverter.swift */; };
		841E956627BC871A003A1B36 /* ClusterAlgorithm.swift in Sources */ = {isa = PBXBuildFile; fileRef = 841E956527BC871A003A1B36 /* ClusterAlgorithm.swift */; };
		841E957327BD1656003A1B36 /* ClusterStrategyProtocol.swift in Sources */ = {isa = PBXBuildFile; fileRef = 841E957227BD1656003A1B36 /* ClusterStrategyProtocol.swift */; };
		841E958327BD5ECD003A1B36 /* ClusterRadiusStrategy.swift in Sources */ = {isa = PBXBuildFile; fileRef = 841E958227BD5ECD003A1B36 /* ClusterRadiusStrategy.swift */; };
		842CCAF727C2DDED006B4135 /* FileRepository.swift in Sources */ = {isa = PBXBuildFile; fileRef = 842CCAF627C2DDED006B4135 /* FileRepository.swift */; };
		842CCAFB27C2DE51006B4135 /* RepositoryProtocol.swift in Sources */ = {isa = PBXBuildFile; fileRef = 842CCAFA27C2DE51006B4135 /* RepositoryProtocol.swift */; };
		842ED72627BA709E0003C997 /* Atom.swift in Sources */ = {isa = PBXBuildFile; fileRef = 842ED72527BA709E0003C997 /* Atom.swift */; };
		842ED72A27BA7B070003C997 /* String+LocalizedError.swift in Sources */ = {isa = PBXBuildFile; fileRef = 842ED72927BA7B070003C997 /* String+LocalizedError.swift */; };
		842ED72C27BA7B280003C997 /* Array+chunk.swift in Sources */ = {isa = PBXBuildFile; fileRef = 842ED72B27BA7B280003C997 /* Array+chunk.swift */; };
		842ED72E27BA7B420003C997 /* Array+atomDescription.swift in Sources */ = {isa = PBXBuildFile; fileRef = 842ED72D27BA7B420003C997 /* Array+atomDescription.swift */; };
		842ED73227BA81EA0003C997 /* LAMMPSSerializer.swift in Sources */ = {isa = PBXBuildFile; fileRef = 842ED73127BA81EA0003C997 /* LAMMPSSerializer.swift */; };
		842ED73427BA8E580003C997 /* DataPreparer.swift in Sources */ = {isa = PBXBuildFile; fileRef = 842ED73327BA8E580003C997 /* DataPreparer.swift */; };
		842ED73627BAA7070003C997 /* SphereRadiusCalculator.swift in Sources */ = {isa = PBXBuildFile; fileRef = 842ED73527BAA7070003C997 /* SphereRadiusCalculator.swift */; };
		842ED73827BAAA8E0003C997 /* CubeAreaGenerator.swift in Sources */ = {isa = PBXBuildFile; fileRef = 842ED73727BAAA8E0003C997 /* CubeAreaGenerator.swift */; };
		8434310627C31B9500620418 /* URLManager.swift in Sources */ = {isa = PBXBuildFile; fileRef = 8434310527C31B9500620418 /* URLManager.swift */; };
		846C7A182643258D00E04A83 /* ClusterCountStrategy.swift in Sources */ = {isa = PBXBuildFile; fileRef = 846C7A172643258D00E04A83 /* ClusterCountStrategy.swift */; };
		846C7A1F264356CB00E04A83 /* main.swift in Sources */ = {isa = PBXBuildFile; fileRef = 846C7A1E264356CB00E04A83 /* main.swift */; };
		848DF08B27F9DDE800D10649 /* SourceNanowireCreator.swift in Sources */ = {isa = PBXBuildFile; fileRef = 848DF08A27F9DDE800D10649 /* SourceNanowireCreator.swift */; };
		848DF09027F9EBAB00D10649 /* EnvironmentalVariables.swift in Sources */ = {isa = PBXBuildFile; fileRef = 848DF08F27F9EBAB00D10649 /* EnvironmentalVariables.swift */; };
		848DF09227F9F5D000D10649 /* ClusterGenerationTask.swift in Sources */ = {isa = PBXBuildFile; fileRef = 848DF09127F9F5D000D10649 /* ClusterGenerationTask.swift */; };
		848DF09427F9FB7300D10649 /* Nanowire.swift in Sources */ = {isa = PBXBuildFile; fileRef = 848DF09327F9FB7300D10649 /* Nanowire.swift */; };
		848DF09627FA011800D10649 /* Int+lammpsRandomSeed.swift in Sources */ = {isa = PBXBuildFile; fileRef = 848DF09527FA011800D10649 /* Int+lammpsRandomSeed.swift */; };
		84D6F65427C4694C00DA23FA /* MultipleRunner.swift in Sources */ = {isa = PBXBuildFile; fileRef = 84D6F65327C4694C00DA23FA /* MultipleRunner.swift */; };
		84D6F65627C4695500DA23FA /* ConvertingStatistics.swift in Sources */ = {isa = PBXBuildFile; fileRef = 84D6F65527C4695500DA23FA /* ConvertingStatistics.swift */; };
		84DDB39F27FA2BF4007DE5FA /* Dimensions.swift in Sources */ = {isa = PBXBuildFile; fileRef = 84DDB39E27FA2BF4007DE5FA /* Dimensions.swift */; };
/* End PBXBuildFile section */

/* Begin PBXCopyFilesBuildPhase section */
		846C7A122643258D00E04A83 /* CopyFiles */ = {
			isa = PBXCopyFilesBuildPhase;
			buildActionMask = 2147483647;
			dstPath = /usr/share/man/man1/;
			dstSubfolderSpec = 0;
			files = (
			);
			runOnlyForDeploymentPostprocessing = 1;
		};
/* End PBXCopyFilesBuildPhase section */

/* Begin PBXFileReference section */
		841E955D27BAE5CB003A1B36 /* SphereAreaGenerator.swift */ = {isa = PBXFileReference; lastKnownFileType = sourcecode.swift; path = SphereAreaGenerator.swift; sourceTree = "<group>"; };
		841E955F27BAF7D7003A1B36 /* InteratomDistanceCalculator.swift */ = {isa = PBXFileReference; lastKnownFileType = sourcecode.swift; path = InteratomDistanceCalculator.swift; sourceTree = "<group>"; };
		841E956127BC6E29003A1B36 /* AtomsConverter.swift */ = {isa = PBXFileReference; lastKnownFileType = sourcecode.swift; path = AtomsConverter.swift; sourceTree = "<group>"; };
		841E956527BC871A003A1B36 /* ClusterAlgorithm.swift */ = {isa = PBXFileReference; lastKnownFileType = sourcecode.swift; path = ClusterAlgorithm.swift; sourceTree = "<group>"; };
		841E957227BD1656003A1B36 /* ClusterStrategyProtocol.swift */ = {isa = PBXFileReference; lastKnownFileType = sourcecode.swift; path = ClusterStrategyProtocol.swift; sourceTree = "<group>"; };
		841E958227BD5ECD003A1B36 /* ClusterRadiusStrategy.swift */ = {isa = PBXFileReference; lastKnownFileType = sourcecode.swift; path = ClusterRadiusStrategy.swift; sourceTree = "<group>"; };
		842CCAF627C2DDED006B4135 /* FileRepository.swift */ = {isa = PBXFileReference; lastKnownFileType = sourcecode.swift; path = FileRepository.swift; sourceTree = "<group>"; };
		842CCAFA27C2DE51006B4135 /* RepositoryProtocol.swift */ = {isa = PBXFileReference; lastKnownFileType = sourcecode.swift; path = RepositoryProtocol.swift; sourceTree = "<group>"; };
		842ED72527BA709E0003C997 /* Atom.swift */ = {isa = PBXFileReference; lastKnownFileType = sourcecode.swift; path = Atom.swift; sourceTree = "<group>"; };
		842ED72927BA7B070003C997 /* String+LocalizedError.swift */ = {isa = PBXFileReference; lastKnownFileType = sourcecode.swift; path = "String+LocalizedError.swift"; sourceTree = "<group>"; };
		842ED72B27BA7B280003C997 /* Array+chunk.swift */ = {isa = PBXFileReference; lastKnownFileType = sourcecode.swift; path = "Array+chunk.swift"; sourceTree = "<group>"; };
		842ED72D27BA7B420003C997 /* Array+atomDescription.swift */ = {isa = PBXFileReference; lastKnownFileType = sourcecode.swift; path = "Array+atomDescription.swift"; sourceTree = "<group>"; };
		842ED73127BA81EA0003C997 /* LAMMPSSerializer.swift */ = {isa = PBXFileReference; lastKnownFileType = sourcecode.swift; path = LAMMPSSerializer.swift; sourceTree = "<group>"; };
		842ED73327BA8E580003C997 /* DataPreparer.swift */ = {isa = PBXFileReference; lastKnownFileType = sourcecode.swift; path = DataPreparer.swift; sourceTree = "<group>"; };
		842ED73527BAA7070003C997 /* SphereRadiusCalculator.swift */ = {isa = PBXFileReference; lastKnownFileType = sourcecode.swift; path = SphereRadiusCalculator.swift; sourceTree = "<group>"; };
		842ED73727BAAA8E0003C997 /* CubeAreaGenerator.swift */ = {isa = PBXFileReference; lastKnownFileType = sourcecode.swift; path = CubeAreaGenerator.swift; sourceTree = "<group>"; };
		8434310527C31B9500620418 /* URLManager.swift */ = {isa = PBXFileReference; lastKnownFileType = sourcecode.swift; path = URLManager.swift; sourceTree = "<group>"; };
		846C7A142643258D00E04A83 /* ClusterAlgorithm */ = {isa = PBXFileReference; explicitFileType = "compiled.mach-o.executable"; includeInIndex = 0; path = ClusterAlgorithm; sourceTree = BUILT_PRODUCTS_DIR; };
		846C7A172643258D00E04A83 /* ClusterCountStrategy.swift */ = {isa = PBXFileReference; lastKnownFileType = sourcecode.swift; path = ClusterCountStrategy.swift; sourceTree = "<group>"; };
		846C7A1E264356CB00E04A83 /* main.swift */ = {isa = PBXFileReference; lastKnownFileType = sourcecode.swift; path = main.swift; sourceTree = "<group>"; };
		848DF08A27F9DDE800D10649 /* SourceNanowireCreator.swift */ = {isa = PBXFileReference; lastKnownFileType = sourcecode.swift; path = SourceNanowireCreator.swift; sourceTree = "<group>"; };
		848DF08F27F9EBAB00D10649 /* EnvironmentalVariables.swift */ = {isa = PBXFileReference; lastKnownFileType = sourcecode.swift; path = EnvironmentalVariables.swift; sourceTree = "<group>"; };
		848DF09127F9F5D000D10649 /* ClusterGenerationTask.swift */ = {isa = PBXFileReference; lastKnownFileType = sourcecode.swift; path = ClusterGenerationTask.swift; sourceTree = "<group>"; };
		848DF09327F9FB7300D10649 /* Nanowire.swift */ = {isa = PBXFileReference; lastKnownFileType = sourcecode.swift; path = Nanowire.swift; sourceTree = "<group>"; };
		848DF09527FA011800D10649 /* Int+lammpsRandomSeed.swift */ = {isa = PBXFileReference; lastKnownFileType = sourcecode.swift; path = "Int+lammpsRandomSeed.swift"; sourceTree = "<group>"; };
		84D6F65327C4694C00DA23FA /* MultipleRunner.swift */ = {isa = PBXFileReference; fileEncoding = 4; lastKnownFileType = sourcecode.swift; path = MultipleRunner.swift; sourceTree = "<group>"; wrapsLines = 1; };
		84D6F65527C4695500DA23FA /* ConvertingStatistics.swift */ = {isa = PBXFileReference; fileEncoding = 4; lastKnownFileType = sourcecode.swift; path = ConvertingStatistics.swift; sourceTree = "<group>"; };
		84DDB39E27FA2BF4007DE5FA /* Dimensions.swift */ = {isa = PBXFileReference; lastKnownFileType = sourcecode.swift; path = Dimensions.swift; sourceTree = "<group>"; };
/* End PBXFileReference section */

/* Begin PBXFrameworksBuildPhase section */
		846C7A112643258D00E04A83 /* Frameworks */ = {
			isa = PBXFrameworksBuildPhase;
			buildActionMask = 2147483647;
			files = (
			);
			runOnlyForDeploymentPostprocessing = 0;
		};
/* End PBXFrameworksBuildPhase section */

/* Begin PBXGroup section */
		841E957427BD1A13003A1B36 /* Strategies */ = {
			isa = PBXGroup;
			children = (
				846C7A172643258D00E04A83 /* ClusterCountStrategy.swift */,
				841E958227BD5ECD003A1B36 /* ClusterRadiusStrategy.swift */,
			);
			path = Strategies;
			sourceTree = "<group>";
		};
		841E957527BD1A27003A1B36 /* Services */ = {
			isa = PBXGroup;
			children = (
				8434310527C31B9500620418 /* URLManager.swift */,
				842CCAF627C2DDED006B4135 /* FileRepository.swift */,
				842ED73127BA81EA0003C997 /* LAMMPSSerializer.swift */,
				842ED73327BA8E580003C997 /* DataPreparer.swift */,
				842ED73527BAA7070003C997 /* SphereRadiusCalculator.swift */,
				842ED73727BAAA8E0003C997 /* CubeAreaGenerator.swift */,
				841E955D27BAE5CB003A1B36 /* SphereAreaGenerator.swift */,
				841E955F27BAF7D7003A1B36 /* InteratomDistanceCalculator.swift */,
				841E956127BC6E29003A1B36 /* AtomsConverter.swift */,
			);
			path = Services;
			sourceTree = "<group>";
		};
		842CCAF927C2DE3C006B4135 /* Protocols */ = {
			isa = PBXGroup;
			children = (
				841E957227BD1656003A1B36 /* ClusterStrategyProtocol.swift */,
				842CCAFA27C2DE51006B4135 /* RepositoryProtocol.swift */,
			);
			path = Protocols;
			sourceTree = "<group>";
		};
		842ED72427BA708E0003C997 /* Model */ = {
			isa = PBXGroup;
			children = (
				842ED72527BA709E0003C997 /* Atom.swift */,
				84D6F65527C4695500DA23FA /* ConvertingStatistics.swift */,
				848DF09327F9FB7300D10649 /* Nanowire.swift */,
				84DDB39E27FA2BF4007DE5FA /* Dimensions.swift */,
			);
			path = Model;
			sourceTree = "<group>";
		};
		842ED72727BA7AB20003C997 /* Algorithm */ = {
			isa = PBXGroup;
			children = (
				841E956527BC871A003A1B36 /* ClusterAlgorithm.swift */,
				841E957427BD1A13003A1B36 /* Strategies */,
				841E957527BD1A27003A1B36 /* Services */,
			);
			path = Algorithm;
			sourceTree = "<group>";
		};
		842ED72827BA7AF40003C997 /* Extensions */ = {
			isa = PBXGroup;
			children = (
				842ED72927BA7B070003C997 /* String+LocalizedError.swift */,
				842ED72B27BA7B280003C997 /* Array+chunk.swift */,
				842ED72D27BA7B420003C997 /* Array+atomDescription.swift */,
				848DF09527FA011800D10649 /* Int+lammpsRandomSeed.swift */,
			);
			path = Extensions;
			sourceTree = "<group>";
		};
		846C7A0B2643258D00E04A83 = {
			isa = PBXGroup;
			children = (
				846C7A162643258D00E04A83 /* ClusterAlgorithm */,
				846C7A152643258D00E04A83 /* Products */,
			);
			sourceTree = "<group>";
		};
		846C7A152643258D00E04A83 /* Products */ = {
			isa = PBXGroup;
			children = (
				846C7A142643258D00E04A83 /* ClusterAlgorithm */,
			);
			name = Products;
			sourceTree = "<group>";
		};
		846C7A162643258D00E04A83 /* ClusterAlgorithm */ = {
			isa = PBXGroup;
			children = (
				846C7A1E264356CB00E04A83 /* main.swift */,
				842ED72827BA7AF40003C997 /* Extensions */,
				842CCAF927C2DE3C006B4135 /* Protocols */,
				842ED72427BA708E0003C997 /* Model */,
				848DF08827F9DD5C00D10649 /* Runner */,
				842ED72727BA7AB20003C997 /* Algorithm */,
			);
			path = ClusterAlgorithm;
			sourceTree = "<group>";
		};
		848DF08827F9DD5C00D10649 /* Runner */ = {
			isa = PBXGroup;
			children = (
				84D6F65327C4694C00DA23FA /* MultipleRunner.swift */,
				848DF08E27F9EB9F00D10649 /* Models */,
				848DF08927F9DDCE00D10649 /* Services */,
			);
			path = Runner;
			sourceTree = "<group>";
		};
		848DF08927F9DDCE00D10649 /* Services */ = {
			isa = PBXGroup;
			children = (
				848DF09127F9F5D000D10649 /* ClusterGenerationTask.swift */,
				848DF08A27F9DDE800D10649 /* SourceNanowireCreator.swift */,
			);
			path = Services;
			sourceTree = "<group>";
		};
		848DF08E27F9EB9F00D10649 /* Models */ = {
			isa = PBXGroup;
			children = (
				848DF08F27F9EBAB00D10649 /* EnvironmentalVariables.swift */,
			);
			path = Models;
			sourceTree = "<group>";
		};
/* End PBXGroup section */

/* Begin PBXNativeTarget section */
		846C7A132643258D00E04A83 /* ClusterAlgorithm */ = {
			isa = PBXNativeTarget;
			buildConfigurationList = 846C7A1B2643258D00E04A83 /* Build configuration list for PBXNativeTarget "ClusterAlgorithm" */;
			buildPhases = (
				846C7A102643258D00E04A83 /* Sources */,
				846C7A112643258D00E04A83 /* Frameworks */,
				846C7A122643258D00E04A83 /* CopyFiles */,
			);
			buildRules = (
			);
			dependencies = (
			);
			name = ClusterAlgorithm;
			productName = SphereExpandAlgorithm;
			productReference = 846C7A142643258D00E04A83 /* ClusterAlgorithm */;
			productType = "com.apple.product-type.tool";
		};
/* End PBXNativeTarget section */

/* Begin PBXProject section */
		846C7A0C2643258D00E04A83 /* Project object */ = {
			isa = PBXProject;
			attributes = {
				LastSwiftUpdateCheck = 1250;
				LastUpgradeCheck = 1250;
				TargetAttributes = {
					846C7A132643258D00E04A83 = {
						CreatedOnToolsVersion = 12.5;
					};
				};
			};
			buildConfigurationList = 846C7A0F2643258D00E04A83 /* Build configuration list for PBXProject "ClusterAlgorithm" */;
			compatibilityVersion = "Xcode 9.3";
			developmentRegion = en;
			hasScannedForEncodings = 0;
			knownRegions = (
				en,
				Base,
			);
			mainGroup = 846C7A0B2643258D00E04A83;
			productRefGroup = 846C7A152643258D00E04A83 /* Products */;
			projectDirPath = "";
			projectRoot = "";
			targets = (
				846C7A132643258D00E04A83 /* ClusterAlgorithm */,
			);
		};
/* End PBXProject section */

/* Begin PBXSourcesBuildPhase section */
		846C7A102643258D00E04A83 /* Sources */ = {
			isa = PBXSourcesBuildPhase;
			buildActionMask = 2147483647;
			files = (
				848DF09427F9FB7300D10649 /* Nanowire.swift in Sources */,
				846C7A1F264356CB00E04A83 /* main.swift in Sources */,
				848DF08B27F9DDE800D10649 /* SourceNanowireCreator.swift in Sources */,
				848DF09627FA011800D10649 /* Int+lammpsRandomSeed.swift in Sources */,
				842ED72A27BA7B070003C997 /* String+LocalizedError.swift in Sources */,
				842ED72C27BA7B280003C997 /* Array+chunk.swift in Sources */,
				842ED73427BA8E580003C997 /* DataPreparer.swift in Sources */,
				841E958327BD5ECD003A1B36 /* ClusterRadiusStrategy.swift in Sources */,
				84D6F65627C4695500DA23FA /* ConvertingStatistics.swift in Sources */,
				84D6F65427C4694C00DA23FA /* MultipleRunner.swift in Sources */,
				842ED73827BAAA8E0003C997 /* CubeAreaGenerator.swift in Sources */,
				848DF09227F9F5D000D10649 /* ClusterGenerationTask.swift in Sources */,
				842ED73627BAA7070003C997 /* SphereRadiusCalculator.swift in Sources */,
				842ED72627BA709E0003C997 /* Atom.swift in Sources */,
				841E956227BC6E29003A1B36 /* AtomsConverter.swift in Sources */,
				841E955E27BAE5CB003A1B36 /* SphereAreaGenerator.swift in Sources */,
				846C7A182643258D00E04A83 /* ClusterCountStrategy.swift in Sources */,
				84DDB39F27FA2BF4007DE5FA /* Dimensions.swift in Sources */,
				841E956627BC871A003A1B36 /* ClusterAlgorithm.swift in Sources */,
				842CCAF727C2DDED006B4135 /* FileRepository.swift in Sources */,
				8434310627C31B9500620418 /* URLManager.swift in Sources */,
				848DF09027F9EBAB00D10649 /* EnvironmentalVariables.swift in Sources */,
				842ED73227BA81EA0003C997 /* LAMMPSSerializer.swift in Sources */,
				841E956027BAF7D7003A1B36 /* InteratomDistanceCalculator.swift in Sources */,
				842ED72E27BA7B420003C997 /* Array+atomDescription.swift in Sources */,
				841E957327BD1656003A1B36 /* ClusterStrategyProtocol.swift in Sources */,
				842CCAFB27C2DE51006B4135 /* RepositoryProtocol.swift in Sources */,
			);
			runOnlyForDeploymentPostprocessing = 0;
		};
/* End PBXSourcesBuildPhase section */

/* Begin XCBuildConfiguration section */
		846C7A192643258D00E04A83 /* Debug */ = {
			isa = XCBuildConfiguration;
			buildSettings = {
				ALWAYS_SEARCH_USER_PATHS = NO;
				CLANG_ANALYZER_NONNULL = YES;
				CLANG_ANALYZER_NUMBER_OBJECT_CONVERSION = YES_AGGRESSIVE;
				CLANG_CXX_LANGUAGE_STANDARD = "gnu++14";
				CLANG_CXX_LIBRARY = "libc++";
				CLANG_ENABLE_MODULES = YES;
				CLANG_ENABLE_OBJC_ARC = YES;
				CLANG_ENABLE_OBJC_WEAK = YES;
				CLANG_WARN_BLOCK_CAPTURE_AUTORELEASING = YES;
				CLANG_WARN_BOOL_CONVERSION = YES;
				CLANG_WARN_COMMA = YES;
				CLANG_WARN_CONSTANT_CONVERSION = YES;
				CLANG_WARN_DEPRECATED_OBJC_IMPLEMENTATIONS = YES;
				CLANG_WARN_DIRECT_OBJC_ISA_USAGE = YES_ERROR;
				CLANG_WARN_DOCUMENTATION_COMMENTS = YES;
				CLANG_WARN_EMPTY_BODY = YES;
				CLANG_WARN_ENUM_CONVERSION = YES;
				CLANG_WARN_INFINITE_RECURSION = YES;
				CLANG_WARN_INT_CONVERSION = YES;
				CLANG_WARN_NON_LITERAL_NULL_CONVERSION = YES;
				CLANG_WARN_OBJC_IMPLICIT_RETAIN_SELF = YES;
				CLANG_WARN_OBJC_LITERAL_CONVERSION = YES;
				CLANG_WARN_OBJC_ROOT_CLASS = YES_ERROR;
				CLANG_WARN_QUOTED_INCLUDE_IN_FRAMEWORK_HEADER = YES;
				CLANG_WARN_RANGE_LOOP_ANALYSIS = YES;
				CLANG_WARN_STRICT_PROTOTYPES = YES;
				CLANG_WARN_SUSPICIOUS_MOVE = YES;
				CLANG_WARN_UNGUARDED_AVAILABILITY = YES_AGGRESSIVE;
				CLANG_WARN_UNREACHABLE_CODE = YES;
				CLANG_WARN__DUPLICATE_METHOD_MATCH = YES;
				COPY_PHASE_STRIP = NO;
				DEBUG_INFORMATION_FORMAT = dwarf;
				ENABLE_STRICT_OBJC_MSGSEND = YES;
				ENABLE_TESTABILITY = YES;
				GCC_C_LANGUAGE_STANDARD = gnu11;
				GCC_DYNAMIC_NO_PIC = NO;
				GCC_NO_COMMON_BLOCKS = YES;
				GCC_OPTIMIZATION_LEVEL = 0;
				GCC_PREPROCESSOR_DEFINITIONS = (
					"DEBUG=1",
					"$(inherited)",
				);
				GCC_WARN_64_TO_32_BIT_CONVERSION = YES;
				GCC_WARN_ABOUT_RETURN_TYPE = YES_ERROR;
				GCC_WARN_UNDECLARED_SELECTOR = YES;
				GCC_WARN_UNINITIALIZED_AUTOS = YES_AGGRESSIVE;
				GCC_WARN_UNUSED_FUNCTION = YES;
				GCC_WARN_UNUSED_VARIABLE = YES;
				MACOSX_DEPLOYMENT_TARGET = 11.2;
				MTL_ENABLE_DEBUG_INFO = INCLUDE_SOURCE;
				MTL_FAST_MATH = YES;
				ONLY_ACTIVE_ARCH = YES;
				SDKROOT = macosx;
				SWIFT_ACTIVE_COMPILATION_CONDITIONS = DEBUG;
				SWIFT_OPTIMIZATION_LEVEL = "-Onone";
			};
			name = Debug;
		};
		846C7A1A2643258D00E04A83 /* Release */ = {
			isa = XCBuildConfiguration;
			buildSettings = {
				ALWAYS_SEARCH_USER_PATHS = NO;
				CLANG_ANALYZER_NONNULL = YES;
				CLANG_ANALYZER_NUMBER_OBJECT_CONVERSION = YES_AGGRESSIVE;
				CLANG_CXX_LANGUAGE_STANDARD = "gnu++14";
				CLANG_CXX_LIBRARY = "libc++";
				CLANG_ENABLE_MODULES = YES;
				CLANG_ENABLE_OBJC_ARC = YES;
				CLANG_ENABLE_OBJC_WEAK = YES;
				CLANG_WARN_BLOCK_CAPTURE_AUTORELEASING = YES;
				CLANG_WARN_BOOL_CONVERSION = YES;
				CLANG_WARN_COMMA = YES;
				CLANG_WARN_CONSTANT_CONVERSION = YES;
				CLANG_WARN_DEPRECATED_OBJC_IMPLEMENTATIONS = YES;
				CLANG_WARN_DIRECT_OBJC_ISA_USAGE = YES_ERROR;
				CLANG_WARN_DOCUMENTATION_COMMENTS = YES;
				CLANG_WARN_EMPTY_BODY = YES;
				CLANG_WARN_ENUM_CONVERSION = YES;
				CLANG_WARN_INFINITE_RECURSION = YES;
				CLANG_WARN_INT_CONVERSION = YES;
				CLANG_WARN_NON_LITERAL_NULL_CONVERSION = YES;
				CLANG_WARN_OBJC_IMPLICIT_RETAIN_SELF = YES;
				CLANG_WARN_OBJC_LITERAL_CONVERSION = YES;
				CLANG_WARN_OBJC_ROOT_CLASS = YES_ERROR;
				CLANG_WARN_QUOTED_INCLUDE_IN_FRAMEWORK_HEADER = YES;
				CLANG_WARN_RANGE_LOOP_ANALYSIS = YES;
				CLANG_WARN_STRICT_PROTOTYPES = YES;
				CLANG_WARN_SUSPICIOUS_MOVE = YES;
				CLANG_WARN_UNGUARDED_AVAILABILITY = YES_AGGRESSIVE;
				CLANG_WARN_UNREACHABLE_CODE = YES;
				CLANG_WARN__DUPLICATE_METHOD_MATCH = YES;
				COPY_PHASE_STRIP = NO;
				DEBUG_INFORMATION_FORMAT = "dwarf-with-dsym";
				ENABLE_NS_ASSERTIONS = NO;
				ENABLE_STRICT_OBJC_MSGSEND = YES;
				GCC_C_LANGUAGE_STANDARD = gnu11;
				GCC_NO_COMMON_BLOCKS = YES;
				GCC_WARN_64_TO_32_BIT_CONVERSION = YES;
				GCC_WARN_ABOUT_RETURN_TYPE = YES_ERROR;
				GCC_WARN_UNDECLARED_SELECTOR = YES;
				GCC_WARN_UNINITIALIZED_AUTOS = YES_AGGRESSIVE;
				GCC_WARN_UNUSED_FUNCTION = YES;
				GCC_WARN_UNUSED_VARIABLE = YES;
				MACOSX_DEPLOYMENT_TARGET = 11.2;
				MTL_ENABLE_DEBUG_INFO = NO;
				MTL_FAST_MATH = YES;
				SDKROOT = macosx;
				SWIFT_COMPILATION_MODE = wholemodule;
				SWIFT_OPTIMIZATION_LEVEL = "-O";
			};
			name = Release;
		};
		846C7A1C2643258D00E04A83 /* Debug */ = {
			isa = XCBuildConfiguration;
			buildSettings = {
				CODE_SIGN_STYLE = Automatic;
				PRODUCT_NAME = "$(TARGET_NAME)";
				SWIFT_VERSION = 5.0;
			};
			name = Debug;
		};
		846C7A1D2643258D00E04A83 /* Release */ = {
			isa = XCBuildConfiguration;
			buildSettings = {
				CODE_SIGN_STYLE = Automatic;
				PRODUCT_NAME = "$(TARGET_NAME)";
				SWIFT_VERSION = 5.0;
			};
			name = Release;
		};
/* End XCBuildConfiguration section */

/* Begin XCConfigurationList section */
		846C7A0F2643258D00E04A83 /* Build configuration list for PBXProject "ClusterAlgorithm" */ = {
			isa = XCConfigurationList;
			buildConfigurations = (
				846C7A192643258D00E04A83 /* Debug */,
				846C7A1A2643258D00E04A83 /* Release */,
			);
			defaultConfigurationIsVisible = 0;
			defaultConfigurationName = Release;
		};
		846C7A1B2643258D00E04A83 /* Build configuration list for PBXNativeTarget "ClusterAlgorithm" */ = {
			isa = XCConfigurationList;
			buildConfigurations = (
				846C7A1C2643258D00E04A83 /* Debug */,
				846C7A1D2643258D00E04A83 /* Release */,
			);
			defaultConfigurationIsVisible = 0;
			defaultConfigurationName = Release;
		};
/* End XCConfigurationList section */
	};
	rootObject = 846C7A0C2643258D00E04A83 /* Project object */;
}
